
Microsoft Visual Studio Solution File, Format Version 12.00
# Visual Studio 14
VisualStudioVersion = 14.0.25123.0
MinimumVisualStudioVersion = 10.0.40219.1
Project("{2150E333-8FDC-42A3-9474-1A3956D46DE8}") = "01. Git and GitHub. Debugging and Troubleshooting Code", "01. Git and GitHub. Debugging and Troubleshooting Code", "{EAC4F52E-5F00-47B8-8BC0-D3F699B030C6}"
EndProject
Project("{FAE04EC0-301F-11D3-BF4B-00C04F79EFBC}") = "01. Holidays Between Two Dates", "01. HolidaysBetweenTwoDates\01. Holidays Between Two Dates.csproj", "{5269C369-0DC3-45DD-B7C2-8B183F74F668}"
EndProject
Project("{FAE04EC0-301F-11D3-BF4B-00C04F79EFBC}") = "02. Double Palindromes", "02. Double Palindromes\02. Double Palindromes.csproj", "{94E0FC23-80A5-4552-BF6C-675F5AF3E38E}"
EndProject
Project("{2150E333-8FDC-42A3-9474-1A3956D46DE8}") = "Exercises", "Exercises", "{4E8CE12E-4080-4337-8AA1-C72507D32BE8}"
EndProject
Project("{FAE04EC0-301F-11D3-BF4B-00C04F79EFBC}") = "01. Instruction Set", "01. Instruction Set\01. Instruction Set.csproj", "{7D10BD6F-4B39-4338-AF78-3D586B5A73B8}"
EndProject
Project("{FAE04EC0-301F-11D3-BF4B-00C04F79EFBC}") = "02. Be Positive", "02. Be Positive\02. Be Positive.csproj", "{9571196B-5167-4F64-ADE3-0375E7F09E82}"
EndProject
Project("{FAE04EC0-301F-11D3-BF4B-00C04F79EFBC}") = "03. Sequence of Commands", "03. Sequence of Commands\03. Sequence of Commands.csproj", "{C7BC5EEE-7062-46E7-8A12-E171A4FEF7EC}"
EndProject
Project("{FAE04EC0-301F-11D3-BF4B-00C04F79EFBC}") = "04. Substring", "04. Substring\04. Substring.csproj", "{88E8F699-863E-47F4-B2D4-76956B75B3B8}"
EndProject
Project("{2150E333-8FDC-42A3-9474-1A3956D46DE8}") = "02. Data Types and Methods", "02. Data Types and Methods", "{6402EA8A-E87F-41D3-97E3-B1E1B37C7293}"
EndProject
Project("{FAE04EC0-301F-11D3-BF4B-00C04F79EFBC}") = "01. Centuries to Minutes", "01. Centuries to Minutes\01. Centuries to Minutes.csproj", "{7CDC3298-E5E2-417C-8EAA-AFC38F35DFF5}"
EndProject
Project("{FAE04EC0-301F-11D3-BF4B-00C04F79EFBC}") = "02. Circle Area (Precision 12)", "02. Circle Area (Precision 12)\02. Circle Area (Precision 12).csproj", "{216D23E8-632D-4909-9159-5AEA2BF64A90}"
EndProject
Project("{FAE04EC0-301F-11D3-BF4B-00C04F79EFBC}") = "03. Exact Sum of Real Numbers", "03. Exact Sum of Real Numbers\03. Exact Sum of Real Numbers.csproj", "{CFAFD791-5576-4673-8687-959D536105DD}"
EndProject
Project("{FAE04EC0-301F-11D3-BF4B-00C04F79EFBC}") = "04. Elevator", "04. Elevator\04. Elevator.csproj", "{53F6551B-33F0-408C-A0F2-EC0684F6DCB4}"
EndProject
Project("{FAE04EC0-301F-11D3-BF4B-00C04F79EFBC}") = "05. Special Numbers", "05. Special Numbers\05. Special Numbers.csproj", "{C4F053C4-3912-4262-B000-5F2EB20AD440}"
EndProject
Project("{FAE04EC0-301F-11D3-BF4B-00C04F79EFBC}") = "06. Triples of Letters", "06. Triples of Letters\06. Triples of Letters.csproj", "{363950AF-3332-4D1E-9249-8A3137FF96CC}"
EndProject
Project("{FAE04EC0-301F-11D3-BF4B-00C04F79EFBC}") = "07. Greeting", "07. Greeting\07. Greeting.csproj", "{2AF30F04-D3E0-4DB7-969A-D5BDCDEB2DFE}"
EndProject
Project("{FAE04EC0-301F-11D3-BF4B-00C04F79EFBC}") = "08. Day of Week", "08. Day of Week\08. Day of Week.csproj", "{E1384C95-9EF1-4084-86AC-E5640BA0DB4D}"
EndProject
Project("{FAE04EC0-301F-11D3-BF4B-00C04F79EFBC}") = "09. Animal Type", "09. Animal Type\09. Animal Type.csproj", "{B0ECA2DD-C088-4B96-9D8A-15700148E218}"
EndProject
Project("{FAE04EC0-301F-11D3-BF4B-00C04F79EFBC}") = "10. Filled Square", "10. Filled Square\10. Filled Square.csproj", "{D22FAFC1-A5B9-4DB6-BC46-C248B37D80D0}"
EndProject
Project("{2150E333-8FDC-42A3-9474-1A3956D46DE8}") = "Exercises", "Exercises", "{183EAA40-71D1-4D8D-BB6D-01ABD1E96F9F}"
EndProject
Project("{FAE04EC0-301F-11D3-BF4B-00C04F79EFBC}") = "01. Practice Integers", "01. Practice Integers\01. Practice Integers.csproj", "{B9EC4DA8-5921-414A-A6B2-905CCD6E2113}"
EndProject
Project("{FAE04EC0-301F-11D3-BF4B-00C04F79EFBC}") = "02. Practice Floating Points", "02. Practice Floating Points\02. Practice Floating Points.csproj", "{3722427E-1B6E-4EA1-9373-0A49B642BB83}"
EndProject
Project("{FAE04EC0-301F-11D3-BF4B-00C04F79EFBC}") = "03. Practice Chars And Strings", "03. Practice Chars And Strings\03. Practice Chars And Strings.csproj", "{87E5C438-612A-42DF-A589-F5A9C680FBF0}"
EndProject
Project("{FAE04EC0-301F-11D3-BF4B-00C04F79EFBC}") = "04. Variable in Hex Format", "04. Variable in Hex Format\04. Variable in Hex Format.csproj", "{2EDFA67F-201E-4AAF-8CAC-F09FFDC79359}"
EndProject
Project("{FAE04EC0-301F-11D3-BF4B-00C04F79EFBC}") = "05. Boolean Variable", "05. Boolean Variable\05. Boolean Variable.csproj", "{4D4D0114-4E8C-4E13-ACE9-9C144D6E4BE5}"
EndProject
Project("{FAE04EC0-301F-11D3-BF4B-00C04F79EFBC}") = "06. Strings And Objects", "06. Strings And Objects\06. Strings And Objects.csproj", "{243B58BB-465E-4C94-B0E2-56E62F21C758}"
EndProject
Project("{FAE04EC0-301F-11D3-BF4B-00C04F79EFBC}") = "07. Exchange Variable Values", "07. Exchange Variable Values\07. Exchange Variable Values.csproj", "{DAD222A3-35F6-45B7-9309-5323842ABED9}"
EndProject
Project("{FAE04EC0-301F-11D3-BF4B-00C04F79EFBC}") = "08. Employee Data", "08. Employee Data\08. Employee Data.csproj", "{34CFE219-E20E-491B-A127-7350989861A8}"
EndProject
Project("{FAE04EC0-301F-11D3-BF4B-00C04F79EFBC}") = "09. Reversed Chars", "09. Reversed chars\09. Reversed Chars.csproj", "{6C60D8F5-FA3B-4009-89B2-4C055B053CB3}"
EndProject
Project("{FAE04EC0-301F-11D3-BF4B-00C04F79EFBC}") = "10. Centuries to Nanoseconds", "10. Centuries to Nanoseconds\10. Centuries to Nanoseconds.csproj", "{C90B358D-664E-480E-AEC4-97A3AD3C9E82}"
EndProject
Project("{FAE04EC0-301F-11D3-BF4B-00C04F79EFBC}") = "11. Convert Speed Units", "11. Convert Speed Units\11. Convert Speed Units.csproj", "{2033E57C-C8CD-4909-959F-82741AEA75A0}"
EndProject
Project("{FAE04EC0-301F-11D3-BF4B-00C04F79EFBC}") = "12. Rectangle Properties", "12. Rectangle Properties\12. Rectangle Properties.csproj", "{0EE6FF60-F6B6-4F93-81E8-7B0A0CBAE9C9}"
EndProject
Project("{FAE04EC0-301F-11D3-BF4B-00C04F79EFBC}") = "13. Vowel or Digit", "13. Vowel or Digit\13. Vowel or Digit.csproj", "{EF409917-57B6-450F-B2FE-3748605BCD60}"
EndProject
Project("{FAE04EC0-301F-11D3-BF4B-00C04F79EFBC}") = "14. Integer to Hex and Binary", "14. Integer to Hex and Binary\14. Integer to Hex and Binary.csproj", "{74F4574F-B7A4-435A-BEFB-A01922B3C549}"
EndProject
Project("{FAE04EC0-301F-11D3-BF4B-00C04F79EFBC}") = "15. Comparing Floats", "15. Comparing floats\15. Comparing Floats.csproj", "{2AFC115B-9E5D-4E93-805F-B1D42603A0B8}"
EndProject
Project("{FAE04EC0-301F-11D3-BF4B-00C04F79EFBC}") = "16. Print Part Of ASCII Table", "16. Print Part Of ASCII Table\16. Print Part Of ASCII Table.csproj", "{66AFE1FE-C25F-4A26-86E8-A671C3FBAAE9}"
EndProject
Project("{FAE04EC0-301F-11D3-BF4B-00C04F79EFBC}") = "17. Different Integers Size", "17. Different Integers Size\17. Different Integers Size.csproj", "{581CB9AE-B4E1-4B05-A187-45F7C2447EBA}"
EndProject
Project("{FAE04EC0-301F-11D3-BF4B-00C04F79EFBC}") = "18. Hello, Name!", "18. Hello, Name!\18. Hello, Name!.csproj", "{65005437-C669-43B3-9960-56BAED95F014}"
EndProject
Project("{FAE04EC0-301F-11D3-BF4B-00C04F79EFBC}") = "19. Max Method", "19. Max Method\19. Max Method.csproj", "{376E925E-07B8-4AB1-87A2-F2D7A48C88D6}"
EndProject
Project("{FAE04EC0-301F-11D3-BF4B-00C04F79EFBC}") = "20. English Name Of The Last Digit", "20. English Name Of The Last Digit\20. English Name Of The Last Digit.csproj", "{99D2C321-3121-42EB-9867-DBF564A3519E}"
EndProject
Project("{FAE04EC0-301F-11D3-BF4B-00C04F79EFBC}") = "21. Numbers In Reversed Order", "21. Numbers In Reversed Order\21. Numbers In Reversed Order.csproj", "{C9504B7E-7085-4416-826D-6A86BE345B11}"
EndProject
Project("{FAE04EC0-301F-11D3-BF4B-00C04F79EFBC}") = "22. Fibonacci Numbers", "22. Fibonacci Numbers\22. Fibonacci Numbers.csproj", "{2E127378-9C84-4654-AA1B-51236E17FA1D}"
EndProject
Project("{FAE04EC0-301F-11D3-BF4B-00C04F79EFBC}") = "23. Prime Checker", "23. Prime Checker\23. Prime Checker.csproj", "{8EB5C9A8-C989-4625-ABBA-12C43B700574}"
EndProject
Project("{2150E333-8FDC-42A3-9474-1A3956D46DE8}") = "03. Arrays", "03. Arrays", "{79E6EDC2-DC2D-4D91-90C8-0E8D67122A97}"
EndProject
Project("{FAE04EC0-301F-11D3-BF4B-00C04F79EFBC}") = "02. Reverse Array of Integers", "02. Reverse Array of Integers\02. Reverse Array of Integers.csproj", "{1EE9FDE9-1CB2-47EF-9098-187939195CF0}"
EndProject
Project("{FAE04EC0-301F-11D3-BF4B-00C04F79EFBC}") = "01. Day of Week", "01. Day of Week\01. Day of Week.csproj", "{191CEE54-30CF-4738-8C41-27C2E9BAB997}"
EndProject
Project("{FAE04EC0-301F-11D3-BF4B-00C04F79EFBC}") = "03. Sum, Min, Max, First, Last, Average", "03. Sum, Min, Max, First, Last, Average\03. Sum, Min, Max, First, Last, Average.csproj", "{F6579E65-AF98-44D2-BE7C-3E5C6C518235}"
EndProject
Project("{FAE04EC0-301F-11D3-BF4B-00C04F79EFBC}") = "04. Last K Numbers Sums", "04. Last K Numbers Sums\04. Last K Numbers Sums.csproj", "{25C31E32-3234-4E07-84BB-5273478266D2}"
EndProject
Project("{FAE04EC0-301F-11D3-BF4B-00C04F79EFBC}") = "05. Tripple Sum", "05. Tripple Sum\05. Tripple Sum.csproj", "{287547BB-A93A-4C4F-ABDA-B9398B9954D5}"
EndProject
Project("{FAE04EC0-301F-11D3-BF4B-00C04F79EFBC}") = "06. Rounding Numbers", "06. Rounding Numbers\06. Rounding Numbers.csproj", "{0CB75CEE-56F3-42F4-8421-302B7CC69EC6}"
EndProject
Project("{FAE04EC0-301F-11D3-BF4B-00C04F79EFBC}") = "07. Reverse Array of Strings", "07. Reverse Array of Strings\07. Reverse Array of Strings.csproj", "{91C9274A-6079-4E38-9DCF-3D73CE7B530B}"
EndProject
Project("{FAE04EC0-301F-11D3-BF4B-00C04F79EFBC}") = "08. Sum Arrays", "08. Sum Arrays\08. Sum Arrays.csproj", "{41F991EB-8BEF-4039-9AA1-BF72D4116F98}"
EndProject
Project("{FAE04EC0-301F-11D3-BF4B-00C04F79EFBC}") = "09. Condense Array to Number", "09. Condense Array to Number\09. Condense Array to Number.csproj", "{3C4E2AF7-4D35-495C-9D1C-74992D2851D8}"
EndProject
Project("{FAE04EC0-301F-11D3-BF4B-00C04F79EFBC}") = "10. Extract Middle Elements", "10. Extract Middle Elements\10. Extract Middle Elements.csproj", "{00D0D695-DF38-4196-931A-47076CAAD597}"
EndProject
Project("{2150E333-8FDC-42A3-9474-1A3956D46DE8}") = "Exercises", "Exercises", "{C5875B63-4E8B-4542-A2AD-6F4AB2AA1737}"
EndProject
Project("{FAE04EC0-301F-11D3-BF4B-00C04F79EFBC}") = "01. Largest Common End", "01. Largest Common End\01. Largest Common End.csproj", "{080434A7-BB9C-441C-8985-D86E2D7AF756}"
EndProject
Project("{FAE04EC0-301F-11D3-BF4B-00C04F79EFBC}") = "02. Rotate and Sum", "02. Rotate and Sum\02. Rotate and Sum.csproj", "{1055FF49-A292-497B-9C3A-B2C88810E56B}"
EndProject
Project("{FAE04EC0-301F-11D3-BF4B-00C04F79EFBC}") = "03. Fold and Sum", "03. Fold and Sum\03. Fold and Sum.csproj", "{79E8D6A2-6D39-4962-BD8F-05D5C09C31DB}"
EndProject
Project("{FAE04EC0-301F-11D3-BF4B-00C04F79EFBC}") = "24. Primes in Given Range", "24. Primes in Given Range\24. Primes in Given Range.csproj", "{7D835291-809E-48D9-8459-097FECA5A5ED}"
EndProject
Project("{FAE04EC0-301F-11D3-BF4B-00C04F79EFBC}") = "25. Master Numbers", "25. Master Numbers\25. Master Numbers.csproj", "{55D35282-D141-437C-B7AA-82B129C72AD8}"
EndProject
Project("{FAE04EC0-301F-11D3-BF4B-00C04F79EFBC}") = "26. Factorial", "26. Factorial\26. Factorial.csproj", "{F2D5009C-A229-4FC4-B888-AAFE84DBF15A}"
EndProject
Project("{FAE04EC0-301F-11D3-BF4B-00C04F79EFBC}") = "04. Prime Numbers", "04. Prime Numbers\04. Prime Numbers.csproj", "{14BAD79A-A865-4CB7-BF77-FFA41DDEB20C}"
EndProject
Project("{FAE04EC0-301F-11D3-BF4B-00C04F79EFBC}") = "05. Compare Char Arrays", "05. Compare Char Arrays\05. Compare Char Arrays.csproj", "{A538C9BA-EC06-41D5-AC84-9EDB1B96D39D}"
EndProject
Project("{FAE04EC0-301F-11D3-BF4B-00C04F79EFBC}") = "06. Max Sequence of Equal Elements", "06. Max Sequence of Equal Elements\06. Max Sequence of Equal Elements.csproj", "{0CB0C5D9-D0FD-4ECA-8F67-AB95B3FA2680}"
EndProject
Project("{FAE04EC0-301F-11D3-BF4B-00C04F79EFBC}") = "07. Max Sequence of Increasing Elements", "07. Max Sequence of Increasing Elements\07. Max Sequence of Increasing Elements.csproj", "{E6D838B8-5B26-4232-9F13-F39E436385DD}"
EndProject
Project("{FAE04EC0-301F-11D3-BF4B-00C04F79EFBC}") = "08. Most Frequent Number", "08. Most Frequent Number\08. Most Frequent Number.csproj", "{0979746A-3E88-4A33-BE8A-BA0EB6DFD9F1}"
EndProject
Project("{FAE04EC0-301F-11D3-BF4B-00C04F79EFBC}") = "09. Index of Letters", "09. Index of Letters\09. Index of Letters.csproj", "{5131BADD-77A8-4337-B643-B617309BB3D0}"
EndProject
Project("{FAE04EC0-301F-11D3-BF4B-00C04F79EFBC}") = "10. Pairs by Difference", "10. Pairs by Difference\10. Pairs by Difference.csproj", "{4307ADD6-0474-4DE7-99E0-9C2FCBE15F32}"
EndProject
Project("{FAE04EC0-301F-11D3-BF4B-00C04F79EFBC}") = "11. Equal Sums", "11. Equal Sums\11. Equal Sums.csproj", "{36FB554E-756B-4FC3-8646-75B452DCC0CE}"
EndProject
Global
	GlobalSection(SolutionConfigurationPlatforms) = preSolution
		Debug|Any CPU = Debug|Any CPU
		Release|Any CPU = Release|Any CPU
	EndGlobalSection
	GlobalSection(ProjectConfigurationPlatforms) = postSolution
		{5269C369-0DC3-45DD-B7C2-8B183F74F668}.Debug|Any CPU.ActiveCfg = Debug|Any CPU
		{5269C369-0DC3-45DD-B7C2-8B183F74F668}.Debug|Any CPU.Build.0 = Debug|Any CPU
		{5269C369-0DC3-45DD-B7C2-8B183F74F668}.Release|Any CPU.ActiveCfg = Release|Any CPU
		{5269C369-0DC3-45DD-B7C2-8B183F74F668}.Release|Any CPU.Build.0 = Release|Any CPU
		{94E0FC23-80A5-4552-BF6C-675F5AF3E38E}.Debug|Any CPU.ActiveCfg = Debug|Any CPU
		{94E0FC23-80A5-4552-BF6C-675F5AF3E38E}.Debug|Any CPU.Build.0 = Debug|Any CPU
		{94E0FC23-80A5-4552-BF6C-675F5AF3E38E}.Release|Any CPU.ActiveCfg = Release|Any CPU
		{94E0FC23-80A5-4552-BF6C-675F5AF3E38E}.Release|Any CPU.Build.0 = Release|Any CPU
		{7D10BD6F-4B39-4338-AF78-3D586B5A73B8}.Debug|Any CPU.ActiveCfg = Debug|Any CPU
		{7D10BD6F-4B39-4338-AF78-3D586B5A73B8}.Debug|Any CPU.Build.0 = Debug|Any CPU
		{7D10BD6F-4B39-4338-AF78-3D586B5A73B8}.Release|Any CPU.ActiveCfg = Release|Any CPU
		{7D10BD6F-4B39-4338-AF78-3D586B5A73B8}.Release|Any CPU.Build.0 = Release|Any CPU
		{9571196B-5167-4F64-ADE3-0375E7F09E82}.Debug|Any CPU.ActiveCfg = Debug|Any CPU
		{9571196B-5167-4F64-ADE3-0375E7F09E82}.Debug|Any CPU.Build.0 = Debug|Any CPU
		{9571196B-5167-4F64-ADE3-0375E7F09E82}.Release|Any CPU.ActiveCfg = Release|Any CPU
		{9571196B-5167-4F64-ADE3-0375E7F09E82}.Release|Any CPU.Build.0 = Release|Any CPU
		{C7BC5EEE-7062-46E7-8A12-E171A4FEF7EC}.Debug|Any CPU.ActiveCfg = Debug|Any CPU
		{C7BC5EEE-7062-46E7-8A12-E171A4FEF7EC}.Debug|Any CPU.Build.0 = Debug|Any CPU
		{C7BC5EEE-7062-46E7-8A12-E171A4FEF7EC}.Release|Any CPU.ActiveCfg = Release|Any CPU
		{C7BC5EEE-7062-46E7-8A12-E171A4FEF7EC}.Release|Any CPU.Build.0 = Release|Any CPU
		{88E8F699-863E-47F4-B2D4-76956B75B3B8}.Debug|Any CPU.ActiveCfg = Debug|Any CPU
		{88E8F699-863E-47F4-B2D4-76956B75B3B8}.Debug|Any CPU.Build.0 = Debug|Any CPU
		{88E8F699-863E-47F4-B2D4-76956B75B3B8}.Release|Any CPU.ActiveCfg = Release|Any CPU
		{88E8F699-863E-47F4-B2D4-76956B75B3B8}.Release|Any CPU.Build.0 = Release|Any CPU
		{7CDC3298-E5E2-417C-8EAA-AFC38F35DFF5}.Debug|Any CPU.ActiveCfg = Debug|Any CPU
		{7CDC3298-E5E2-417C-8EAA-AFC38F35DFF5}.Debug|Any CPU.Build.0 = Debug|Any CPU
		{7CDC3298-E5E2-417C-8EAA-AFC38F35DFF5}.Release|Any CPU.ActiveCfg = Release|Any CPU
		{7CDC3298-E5E2-417C-8EAA-AFC38F35DFF5}.Release|Any CPU.Build.0 = Release|Any CPU
		{216D23E8-632D-4909-9159-5AEA2BF64A90}.Debug|Any CPU.ActiveCfg = Debug|Any CPU
		{216D23E8-632D-4909-9159-5AEA2BF64A90}.Debug|Any CPU.Build.0 = Debug|Any CPU
		{216D23E8-632D-4909-9159-5AEA2BF64A90}.Release|Any CPU.ActiveCfg = Release|Any CPU
		{216D23E8-632D-4909-9159-5AEA2BF64A90}.Release|Any CPU.Build.0 = Release|Any CPU
		{CFAFD791-5576-4673-8687-959D536105DD}.Debug|Any CPU.ActiveCfg = Debug|Any CPU
		{CFAFD791-5576-4673-8687-959D536105DD}.Debug|Any CPU.Build.0 = Debug|Any CPU
		{CFAFD791-5576-4673-8687-959D536105DD}.Release|Any CPU.ActiveCfg = Release|Any CPU
		{CFAFD791-5576-4673-8687-959D536105DD}.Release|Any CPU.Build.0 = Release|Any CPU
		{53F6551B-33F0-408C-A0F2-EC0684F6DCB4}.Debug|Any CPU.ActiveCfg = Debug|Any CPU
		{53F6551B-33F0-408C-A0F2-EC0684F6DCB4}.Debug|Any CPU.Build.0 = Debug|Any CPU
		{53F6551B-33F0-408C-A0F2-EC0684F6DCB4}.Release|Any CPU.ActiveCfg = Release|Any CPU
		{53F6551B-33F0-408C-A0F2-EC0684F6DCB4}.Release|Any CPU.Build.0 = Release|Any CPU
		{C4F053C4-3912-4262-B000-5F2EB20AD440}.Debug|Any CPU.ActiveCfg = Debug|Any CPU
		{C4F053C4-3912-4262-B000-5F2EB20AD440}.Debug|Any CPU.Build.0 = Debug|Any CPU
		{C4F053C4-3912-4262-B000-5F2EB20AD440}.Release|Any CPU.ActiveCfg = Release|Any CPU
		{C4F053C4-3912-4262-B000-5F2EB20AD440}.Release|Any CPU.Build.0 = Release|Any CPU
		{363950AF-3332-4D1E-9249-8A3137FF96CC}.Debug|Any CPU.ActiveCfg = Debug|Any CPU
		{363950AF-3332-4D1E-9249-8A3137FF96CC}.Debug|Any CPU.Build.0 = Debug|Any CPU
		{363950AF-3332-4D1E-9249-8A3137FF96CC}.Release|Any CPU.ActiveCfg = Release|Any CPU
		{363950AF-3332-4D1E-9249-8A3137FF96CC}.Release|Any CPU.Build.0 = Release|Any CPU
		{2AF30F04-D3E0-4DB7-969A-D5BDCDEB2DFE}.Debug|Any CPU.ActiveCfg = Debug|Any CPU
		{2AF30F04-D3E0-4DB7-969A-D5BDCDEB2DFE}.Debug|Any CPU.Build.0 = Debug|Any CPU
		{2AF30F04-D3E0-4DB7-969A-D5BDCDEB2DFE}.Release|Any CPU.ActiveCfg = Release|Any CPU
		{2AF30F04-D3E0-4DB7-969A-D5BDCDEB2DFE}.Release|Any CPU.Build.0 = Release|Any CPU
		{E1384C95-9EF1-4084-86AC-E5640BA0DB4D}.Debug|Any CPU.ActiveCfg = Debug|Any CPU
		{E1384C95-9EF1-4084-86AC-E5640BA0DB4D}.Debug|Any CPU.Build.0 = Debug|Any CPU
		{E1384C95-9EF1-4084-86AC-E5640BA0DB4D}.Release|Any CPU.ActiveCfg = Release|Any CPU
		{E1384C95-9EF1-4084-86AC-E5640BA0DB4D}.Release|Any CPU.Build.0 = Release|Any CPU
		{B0ECA2DD-C088-4B96-9D8A-15700148E218}.Debug|Any CPU.ActiveCfg = Debug|Any CPU
		{B0ECA2DD-C088-4B96-9D8A-15700148E218}.Debug|Any CPU.Build.0 = Debug|Any CPU
		{B0ECA2DD-C088-4B96-9D8A-15700148E218}.Release|Any CPU.ActiveCfg = Release|Any CPU
		{B0ECA2DD-C088-4B96-9D8A-15700148E218}.Release|Any CPU.Build.0 = Release|Any CPU
		{D22FAFC1-A5B9-4DB6-BC46-C248B37D80D0}.Debug|Any CPU.ActiveCfg = Debug|Any CPU
		{D22FAFC1-A5B9-4DB6-BC46-C248B37D80D0}.Debug|Any CPU.Build.0 = Debug|Any CPU
		{D22FAFC1-A5B9-4DB6-BC46-C248B37D80D0}.Release|Any CPU.ActiveCfg = Release|Any CPU
		{D22FAFC1-A5B9-4DB6-BC46-C248B37D80D0}.Release|Any CPU.Build.0 = Release|Any CPU
		{B9EC4DA8-5921-414A-A6B2-905CCD6E2113}.Debug|Any CPU.ActiveCfg = Debug|Any CPU
		{B9EC4DA8-5921-414A-A6B2-905CCD6E2113}.Debug|Any CPU.Build.0 = Debug|Any CPU
		{B9EC4DA8-5921-414A-A6B2-905CCD6E2113}.Release|Any CPU.ActiveCfg = Release|Any CPU
		{B9EC4DA8-5921-414A-A6B2-905CCD6E2113}.Release|Any CPU.Build.0 = Release|Any CPU
		{3722427E-1B6E-4EA1-9373-0A49B642BB83}.Debug|Any CPU.ActiveCfg = Debug|Any CPU
		{3722427E-1B6E-4EA1-9373-0A49B642BB83}.Debug|Any CPU.Build.0 = Debug|Any CPU
		{3722427E-1B6E-4EA1-9373-0A49B642BB83}.Release|Any CPU.ActiveCfg = Release|Any CPU
		{3722427E-1B6E-4EA1-9373-0A49B642BB83}.Release|Any CPU.Build.0 = Release|Any CPU
		{87E5C438-612A-42DF-A589-F5A9C680FBF0}.Debug|Any CPU.ActiveCfg = Debug|Any CPU
		{87E5C438-612A-42DF-A589-F5A9C680FBF0}.Debug|Any CPU.Build.0 = Debug|Any CPU
		{87E5C438-612A-42DF-A589-F5A9C680FBF0}.Release|Any CPU.ActiveCfg = Release|Any CPU
		{87E5C438-612A-42DF-A589-F5A9C680FBF0}.Release|Any CPU.Build.0 = Release|Any CPU
		{2EDFA67F-201E-4AAF-8CAC-F09FFDC79359}.Debug|Any CPU.ActiveCfg = Debug|Any CPU
		{2EDFA67F-201E-4AAF-8CAC-F09FFDC79359}.Debug|Any CPU.Build.0 = Debug|Any CPU
		{2EDFA67F-201E-4AAF-8CAC-F09FFDC79359}.Release|Any CPU.ActiveCfg = Release|Any CPU
		{2EDFA67F-201E-4AAF-8CAC-F09FFDC79359}.Release|Any CPU.Build.0 = Release|Any CPU
		{4D4D0114-4E8C-4E13-ACE9-9C144D6E4BE5}.Debug|Any CPU.ActiveCfg = Debug|Any CPU
		{4D4D0114-4E8C-4E13-ACE9-9C144D6E4BE5}.Debug|Any CPU.Build.0 = Debug|Any CPU
		{4D4D0114-4E8C-4E13-ACE9-9C144D6E4BE5}.Release|Any CPU.ActiveCfg = Release|Any CPU
		{4D4D0114-4E8C-4E13-ACE9-9C144D6E4BE5}.Release|Any CPU.Build.0 = Release|Any CPU
		{243B58BB-465E-4C94-B0E2-56E62F21C758}.Debug|Any CPU.ActiveCfg = Debug|Any CPU
		{243B58BB-465E-4C94-B0E2-56E62F21C758}.Debug|Any CPU.Build.0 = Debug|Any CPU
		{243B58BB-465E-4C94-B0E2-56E62F21C758}.Release|Any CPU.ActiveCfg = Release|Any CPU
		{243B58BB-465E-4C94-B0E2-56E62F21C758}.Release|Any CPU.Build.0 = Release|Any CPU
		{DAD222A3-35F6-45B7-9309-5323842ABED9}.Debug|Any CPU.ActiveCfg = Debug|Any CPU
		{DAD222A3-35F6-45B7-9309-5323842ABED9}.Debug|Any CPU.Build.0 = Debug|Any CPU
		{DAD222A3-35F6-45B7-9309-5323842ABED9}.Release|Any CPU.ActiveCfg = Release|Any CPU
		{DAD222A3-35F6-45B7-9309-5323842ABED9}.Release|Any CPU.Build.0 = Release|Any CPU
		{34CFE219-E20E-491B-A127-7350989861A8}.Debug|Any CPU.ActiveCfg = Debug|Any CPU
		{34CFE219-E20E-491B-A127-7350989861A8}.Debug|Any CPU.Build.0 = Debug|Any CPU
		{34CFE219-E20E-491B-A127-7350989861A8}.Release|Any CPU.ActiveCfg = Release|Any CPU
		{34CFE219-E20E-491B-A127-7350989861A8}.Release|Any CPU.Build.0 = Release|Any CPU
		{6C60D8F5-FA3B-4009-89B2-4C055B053CB3}.Debug|Any CPU.ActiveCfg = Debug|Any CPU
		{6C60D8F5-FA3B-4009-89B2-4C055B053CB3}.Debug|Any CPU.Build.0 = Debug|Any CPU
		{6C60D8F5-FA3B-4009-89B2-4C055B053CB3}.Release|Any CPU.ActiveCfg = Release|Any CPU
		{6C60D8F5-FA3B-4009-89B2-4C055B053CB3}.Release|Any CPU.Build.0 = Release|Any CPU
		{C90B358D-664E-480E-AEC4-97A3AD3C9E82}.Debug|Any CPU.ActiveCfg = Debug|Any CPU
		{C90B358D-664E-480E-AEC4-97A3AD3C9E82}.Debug|Any CPU.Build.0 = Debug|Any CPU
		{C90B358D-664E-480E-AEC4-97A3AD3C9E82}.Release|Any CPU.ActiveCfg = Release|Any CPU
		{C90B358D-664E-480E-AEC4-97A3AD3C9E82}.Release|Any CPU.Build.0 = Release|Any CPU
		{2033E57C-C8CD-4909-959F-82741AEA75A0}.Debug|Any CPU.ActiveCfg = Debug|Any CPU
		{2033E57C-C8CD-4909-959F-82741AEA75A0}.Debug|Any CPU.Build.0 = Debug|Any CPU
		{2033E57C-C8CD-4909-959F-82741AEA75A0}.Release|Any CPU.ActiveCfg = Release|Any CPU
		{2033E57C-C8CD-4909-959F-82741AEA75A0}.Release|Any CPU.Build.0 = Release|Any CPU
		{0EE6FF60-F6B6-4F93-81E8-7B0A0CBAE9C9}.Debug|Any CPU.ActiveCfg = Debug|Any CPU
		{0EE6FF60-F6B6-4F93-81E8-7B0A0CBAE9C9}.Debug|Any CPU.Build.0 = Debug|Any CPU
		{0EE6FF60-F6B6-4F93-81E8-7B0A0CBAE9C9}.Release|Any CPU.ActiveCfg = Release|Any CPU
		{0EE6FF60-F6B6-4F93-81E8-7B0A0CBAE9C9}.Release|Any CPU.Build.0 = Release|Any CPU
		{EF409917-57B6-450F-B2FE-3748605BCD60}.Debug|Any CPU.ActiveCfg = Debug|Any CPU
		{EF409917-57B6-450F-B2FE-3748605BCD60}.Debug|Any CPU.Build.0 = Debug|Any CPU
		{EF409917-57B6-450F-B2FE-3748605BCD60}.Release|Any CPU.ActiveCfg = Release|Any CPU
		{EF409917-57B6-450F-B2FE-3748605BCD60}.Release|Any CPU.Build.0 = Release|Any CPU
		{74F4574F-B7A4-435A-BEFB-A01922B3C549}.Debug|Any CPU.ActiveCfg = Debug|Any CPU
		{74F4574F-B7A4-435A-BEFB-A01922B3C549}.Debug|Any CPU.Build.0 = Debug|Any CPU
		{74F4574F-B7A4-435A-BEFB-A01922B3C549}.Release|Any CPU.ActiveCfg = Release|Any CPU
		{74F4574F-B7A4-435A-BEFB-A01922B3C549}.Release|Any CPU.Build.0 = Release|Any CPU
		{2AFC115B-9E5D-4E93-805F-B1D42603A0B8}.Debug|Any CPU.ActiveCfg = Debug|Any CPU
		{2AFC115B-9E5D-4E93-805F-B1D42603A0B8}.Debug|Any CPU.Build.0 = Debug|Any CPU
		{2AFC115B-9E5D-4E93-805F-B1D42603A0B8}.Release|Any CPU.ActiveCfg = Release|Any CPU
		{2AFC115B-9E5D-4E93-805F-B1D42603A0B8}.Release|Any CPU.Build.0 = Release|Any CPU
		{66AFE1FE-C25F-4A26-86E8-A671C3FBAAE9}.Debug|Any CPU.ActiveCfg = Debug|Any CPU
		{66AFE1FE-C25F-4A26-86E8-A671C3FBAAE9}.Debug|Any CPU.Build.0 = Debug|Any CPU
		{66AFE1FE-C25F-4A26-86E8-A671C3FBAAE9}.Release|Any CPU.ActiveCfg = Release|Any CPU
		{66AFE1FE-C25F-4A26-86E8-A671C3FBAAE9}.Release|Any CPU.Build.0 = Release|Any CPU
		{581CB9AE-B4E1-4B05-A187-45F7C2447EBA}.Debug|Any CPU.ActiveCfg = Debug|Any CPU
		{581CB9AE-B4E1-4B05-A187-45F7C2447EBA}.Debug|Any CPU.Build.0 = Debug|Any CPU
		{581CB9AE-B4E1-4B05-A187-45F7C2447EBA}.Release|Any CPU.ActiveCfg = Release|Any CPU
		{581CB9AE-B4E1-4B05-A187-45F7C2447EBA}.Release|Any CPU.Build.0 = Release|Any CPU
		{65005437-C669-43B3-9960-56BAED95F014}.Debug|Any CPU.ActiveCfg = Debug|Any CPU
		{65005437-C669-43B3-9960-56BAED95F014}.Debug|Any CPU.Build.0 = Debug|Any CPU
		{65005437-C669-43B3-9960-56BAED95F014}.Release|Any CPU.ActiveCfg = Release|Any CPU
		{65005437-C669-43B3-9960-56BAED95F014}.Release|Any CPU.Build.0 = Release|Any CPU
		{376E925E-07B8-4AB1-87A2-F2D7A48C88D6}.Debug|Any CPU.ActiveCfg = Debug|Any CPU
		{376E925E-07B8-4AB1-87A2-F2D7A48C88D6}.Debug|Any CPU.Build.0 = Debug|Any CPU
		{376E925E-07B8-4AB1-87A2-F2D7A48C88D6}.Release|Any CPU.ActiveCfg = Release|Any CPU
		{376E925E-07B8-4AB1-87A2-F2D7A48C88D6}.Release|Any CPU.Build.0 = Release|Any CPU
		{99D2C321-3121-42EB-9867-DBF564A3519E}.Debug|Any CPU.ActiveCfg = Debug|Any CPU
		{99D2C321-3121-42EB-9867-DBF564A3519E}.Debug|Any CPU.Build.0 = Debug|Any CPU
		{99D2C321-3121-42EB-9867-DBF564A3519E}.Release|Any CPU.ActiveCfg = Release|Any CPU
		{99D2C321-3121-42EB-9867-DBF564A3519E}.Release|Any CPU.Build.0 = Release|Any CPU
		{C9504B7E-7085-4416-826D-6A86BE345B11}.Debug|Any CPU.ActiveCfg = Debug|Any CPU
		{C9504B7E-7085-4416-826D-6A86BE345B11}.Debug|Any CPU.Build.0 = Debug|Any CPU
		{C9504B7E-7085-4416-826D-6A86BE345B11}.Release|Any CPU.ActiveCfg = Release|Any CPU
		{C9504B7E-7085-4416-826D-6A86BE345B11}.Release|Any CPU.Build.0 = Release|Any CPU
		{2E127378-9C84-4654-AA1B-51236E17FA1D}.Debug|Any CPU.ActiveCfg = Debug|Any CPU
		{2E127378-9C84-4654-AA1B-51236E17FA1D}.Debug|Any CPU.Build.0 = Debug|Any CPU
		{2E127378-9C84-4654-AA1B-51236E17FA1D}.Release|Any CPU.ActiveCfg = Release|Any CPU
		{2E127378-9C84-4654-AA1B-51236E17FA1D}.Release|Any CPU.Build.0 = Release|Any CPU
		{8EB5C9A8-C989-4625-ABBA-12C43B700574}.Debug|Any CPU.ActiveCfg = Debug|Any CPU
		{8EB5C9A8-C989-4625-ABBA-12C43B700574}.Debug|Any CPU.Build.0 = Debug|Any CPU
		{8EB5C9A8-C989-4625-ABBA-12C43B700574}.Release|Any CPU.ActiveCfg = Release|Any CPU
		{8EB5C9A8-C989-4625-ABBA-12C43B700574}.Release|Any CPU.Build.0 = Release|Any CPU
		{1EE9FDE9-1CB2-47EF-9098-187939195CF0}.Debug|Any CPU.ActiveCfg = Debug|Any CPU
		{1EE9FDE9-1CB2-47EF-9098-187939195CF0}.Debug|Any CPU.Build.0 = Debug|Any CPU
		{1EE9FDE9-1CB2-47EF-9098-187939195CF0}.Release|Any CPU.ActiveCfg = Release|Any CPU
		{1EE9FDE9-1CB2-47EF-9098-187939195CF0}.Release|Any CPU.Build.0 = Release|Any CPU
		{191CEE54-30CF-4738-8C41-27C2E9BAB997}.Debug|Any CPU.ActiveCfg = Debug|Any CPU
		{191CEE54-30CF-4738-8C41-27C2E9BAB997}.Debug|Any CPU.Build.0 = Debug|Any CPU
		{191CEE54-30CF-4738-8C41-27C2E9BAB997}.Release|Any CPU.ActiveCfg = Release|Any CPU
		{191CEE54-30CF-4738-8C41-27C2E9BAB997}.Release|Any CPU.Build.0 = Release|Any CPU
		{F6579E65-AF98-44D2-BE7C-3E5C6C518235}.Debug|Any CPU.ActiveCfg = Debug|Any CPU
		{F6579E65-AF98-44D2-BE7C-3E5C6C518235}.Debug|Any CPU.Build.0 = Debug|Any CPU
		{F6579E65-AF98-44D2-BE7C-3E5C6C518235}.Release|Any CPU.ActiveCfg = Release|Any CPU
		{F6579E65-AF98-44D2-BE7C-3E5C6C518235}.Release|Any CPU.Build.0 = Release|Any CPU
		{25C31E32-3234-4E07-84BB-5273478266D2}.Debug|Any CPU.ActiveCfg = Debug|Any CPU
		{25C31E32-3234-4E07-84BB-5273478266D2}.Debug|Any CPU.Build.0 = Debug|Any CPU
		{25C31E32-3234-4E07-84BB-5273478266D2}.Release|Any CPU.ActiveCfg = Release|Any CPU
		{25C31E32-3234-4E07-84BB-5273478266D2}.Release|Any CPU.Build.0 = Release|Any CPU
		{287547BB-A93A-4C4F-ABDA-B9398B9954D5}.Debug|Any CPU.ActiveCfg = Debug|Any CPU
		{287547BB-A93A-4C4F-ABDA-B9398B9954D5}.Debug|Any CPU.Build.0 = Debug|Any CPU
		{287547BB-A93A-4C4F-ABDA-B9398B9954D5}.Release|Any CPU.ActiveCfg = Release|Any CPU
		{287547BB-A93A-4C4F-ABDA-B9398B9954D5}.Release|Any CPU.Build.0 = Release|Any CPU
		{0CB75CEE-56F3-42F4-8421-302B7CC69EC6}.Debug|Any CPU.ActiveCfg = Debug|Any CPU
		{0CB75CEE-56F3-42F4-8421-302B7CC69EC6}.Debug|Any CPU.Build.0 = Debug|Any CPU
		{0CB75CEE-56F3-42F4-8421-302B7CC69EC6}.Release|Any CPU.ActiveCfg = Release|Any CPU
		{0CB75CEE-56F3-42F4-8421-302B7CC69EC6}.Release|Any CPU.Build.0 = Release|Any CPU
		{91C9274A-6079-4E38-9DCF-3D73CE7B530B}.Debug|Any CPU.ActiveCfg = Debug|Any CPU
		{91C9274A-6079-4E38-9DCF-3D73CE7B530B}.Debug|Any CPU.Build.0 = Debug|Any CPU
		{91C9274A-6079-4E38-9DCF-3D73CE7B530B}.Release|Any CPU.ActiveCfg = Release|Any CPU
		{91C9274A-6079-4E38-9DCF-3D73CE7B530B}.Release|Any CPU.Build.0 = Release|Any CPU
		{41F991EB-8BEF-4039-9AA1-BF72D4116F98}.Debug|Any CPU.ActiveCfg = Debug|Any CPU
		{41F991EB-8BEF-4039-9AA1-BF72D4116F98}.Debug|Any CPU.Build.0 = Debug|Any CPU
		{41F991EB-8BEF-4039-9AA1-BF72D4116F98}.Release|Any CPU.ActiveCfg = Release|Any CPU
		{41F991EB-8BEF-4039-9AA1-BF72D4116F98}.Release|Any CPU.Build.0 = Release|Any CPU
		{3C4E2AF7-4D35-495C-9D1C-74992D2851D8}.Debug|Any CPU.ActiveCfg = Debug|Any CPU
		{3C4E2AF7-4D35-495C-9D1C-74992D2851D8}.Debug|Any CPU.Build.0 = Debug|Any CPU
		{3C4E2AF7-4D35-495C-9D1C-74992D2851D8}.Release|Any CPU.ActiveCfg = Release|Any CPU
		{3C4E2AF7-4D35-495C-9D1C-74992D2851D8}.Release|Any CPU.Build.0 = Release|Any CPU
		{00D0D695-DF38-4196-931A-47076CAAD597}.Debug|Any CPU.ActiveCfg = Debug|Any CPU
		{00D0D695-DF38-4196-931A-47076CAAD597}.Debug|Any CPU.Build.0 = Debug|Any CPU
		{00D0D695-DF38-4196-931A-47076CAAD597}.Release|Any CPU.ActiveCfg = Release|Any CPU
		{00D0D695-DF38-4196-931A-47076CAAD597}.Release|Any CPU.Build.0 = Release|Any CPU
		{080434A7-BB9C-441C-8985-D86E2D7AF756}.Debug|Any CPU.ActiveCfg = Debug|Any CPU
		{080434A7-BB9C-441C-8985-D86E2D7AF756}.Debug|Any CPU.Build.0 = Debug|Any CPU
		{080434A7-BB9C-441C-8985-D86E2D7AF756}.Release|Any CPU.ActiveCfg = Release|Any CPU
		{080434A7-BB9C-441C-8985-D86E2D7AF756}.Release|Any CPU.Build.0 = Release|Any CPU
		{1055FF49-A292-497B-9C3A-B2C88810E56B}.Debug|Any CPU.ActiveCfg = Debug|Any CPU
		{1055FF49-A292-497B-9C3A-B2C88810E56B}.Debug|Any CPU.Build.0 = Debug|Any CPU
		{1055FF49-A292-497B-9C3A-B2C88810E56B}.Release|Any CPU.ActiveCfg = Release|Any CPU
		{1055FF49-A292-497B-9C3A-B2C88810E56B}.Release|Any CPU.Build.0 = Release|Any CPU
		{79E8D6A2-6D39-4962-BD8F-05D5C09C31DB}.Debug|Any CPU.ActiveCfg = Debug|Any CPU
		{79E8D6A2-6D39-4962-BD8F-05D5C09C31DB}.Debug|Any CPU.Build.0 = Debug|Any CPU
		{79E8D6A2-6D39-4962-BD8F-05D5C09C31DB}.Release|Any CPU.ActiveCfg = Release|Any CPU
		{79E8D6A2-6D39-4962-BD8F-05D5C09C31DB}.Release|Any CPU.Build.0 = Release|Any CPU
		{7D835291-809E-48D9-8459-097FECA5A5ED}.Debug|Any CPU.ActiveCfg = Debug|Any CPU
		{7D835291-809E-48D9-8459-097FECA5A5ED}.Debug|Any CPU.Build.0 = Debug|Any CPU
		{7D835291-809E-48D9-8459-097FECA5A5ED}.Release|Any CPU.ActiveCfg = Release|Any CPU
		{7D835291-809E-48D9-8459-097FECA5A5ED}.Release|Any CPU.Build.0 = Release|Any CPU
		{55D35282-D141-437C-B7AA-82B129C72AD8}.Debug|Any CPU.ActiveCfg = Debug|Any CPU
		{55D35282-D141-437C-B7AA-82B129C72AD8}.Debug|Any CPU.Build.0 = Debug|Any CPU
		{55D35282-D141-437C-B7AA-82B129C72AD8}.Release|Any CPU.ActiveCfg = Release|Any CPU
		{55D35282-D141-437C-B7AA-82B129C72AD8}.Release|Any CPU.Build.0 = Release|Any CPU
		{F2D5009C-A229-4FC4-B888-AAFE84DBF15A}.Debug|Any CPU.ActiveCfg = Debug|Any CPU
		{F2D5009C-A229-4FC4-B888-AAFE84DBF15A}.Debug|Any CPU.Build.0 = Debug|Any CPU
		{F2D5009C-A229-4FC4-B888-AAFE84DBF15A}.Release|Any CPU.ActiveCfg = Release|Any CPU
		{F2D5009C-A229-4FC4-B888-AAFE84DBF15A}.Release|Any CPU.Build.0 = Release|Any CPU
		{14BAD79A-A865-4CB7-BF77-FFA41DDEB20C}.Debug|Any CPU.ActiveCfg = Debug|Any CPU
		{14BAD79A-A865-4CB7-BF77-FFA41DDEB20C}.Debug|Any CPU.Build.0 = Debug|Any CPU
		{14BAD79A-A865-4CB7-BF77-FFA41DDEB20C}.Release|Any CPU.ActiveCfg = Release|Any CPU
		{14BAD79A-A865-4CB7-BF77-FFA41DDEB20C}.Release|Any CPU.Build.0 = Release|Any CPU
		{A538C9BA-EC06-41D5-AC84-9EDB1B96D39D}.Debug|Any CPU.ActiveCfg = Debug|Any CPU
		{A538C9BA-EC06-41D5-AC84-9EDB1B96D39D}.Debug|Any CPU.Build.0 = Debug|Any CPU
		{A538C9BA-EC06-41D5-AC84-9EDB1B96D39D}.Release|Any CPU.ActiveCfg = Release|Any CPU
		{A538C9BA-EC06-41D5-AC84-9EDB1B96D39D}.Release|Any CPU.Build.0 = Release|Any CPU
		{0CB0C5D9-D0FD-4ECA-8F67-AB95B3FA2680}.Debug|Any CPU.ActiveCfg = Debug|Any CPU
		{0CB0C5D9-D0FD-4ECA-8F67-AB95B3FA2680}.Debug|Any CPU.Build.0 = Debug|Any CPU
		{0CB0C5D9-D0FD-4ECA-8F67-AB95B3FA2680}.Release|Any CPU.ActiveCfg = Release|Any CPU
		{0CB0C5D9-D0FD-4ECA-8F67-AB95B3FA2680}.Release|Any CPU.Build.0 = Release|Any CPU
		{E6D838B8-5B26-4232-9F13-F39E436385DD}.Debug|Any CPU.ActiveCfg = Debug|Any CPU
		{E6D838B8-5B26-4232-9F13-F39E436385DD}.Debug|Any CPU.Build.0 = Debug|Any CPU
		{E6D838B8-5B26-4232-9F13-F39E436385DD}.Release|Any CPU.ActiveCfg = Release|Any CPU
		{E6D838B8-5B26-4232-9F13-F39E436385DD}.Release|Any CPU.Build.0 = Release|Any CPU
		{0979746A-3E88-4A33-BE8A-BA0EB6DFD9F1}.Debug|Any CPU.ActiveCfg = Debug|Any CPU
		{0979746A-3E88-4A33-BE8A-BA0EB6DFD9F1}.Debug|Any CPU.Build.0 = Debug|Any CPU
		{0979746A-3E88-4A33-BE8A-BA0EB6DFD9F1}.Release|Any CPU.ActiveCfg = Release|Any CPU
		{0979746A-3E88-4A33-BE8A-BA0EB6DFD9F1}.Release|Any CPU.Build.0 = Release|Any CPU
		{5131BADD-77A8-4337-B643-B617309BB3D0}.Debug|Any CPU.ActiveCfg = Debug|Any CPU
		{5131BADD-77A8-4337-B643-B617309BB3D0}.Debug|Any CPU.Build.0 = Debug|Any CPU
		{5131BADD-77A8-4337-B643-B617309BB3D0}.Release|Any CPU.ActiveCfg = Release|Any CPU
		{5131BADD-77A8-4337-B643-B617309BB3D0}.Release|Any CPU.Build.0 = Release|Any CPU
		{4307ADD6-0474-4DE7-99E0-9C2FCBE15F32}.Debug|Any CPU.ActiveCfg = Debug|Any CPU
		{4307ADD6-0474-4DE7-99E0-9C2FCBE15F32}.Debug|Any CPU.Build.0 = Debug|Any CPU
		{4307ADD6-0474-4DE7-99E0-9C2FCBE15F32}.Release|Any CPU.ActiveCfg = Release|Any CPU
		{4307ADD6-0474-4DE7-99E0-9C2FCBE15F32}.Release|Any CPU.Build.0 = Release|Any CPU
		{36FB554E-756B-4FC3-8646-75B452DCC0CE}.Debug|Any CPU.ActiveCfg = Debug|Any CPU
		{36FB554E-756B-4FC3-8646-75B452DCC0CE}.Debug|Any CPU.Build.0 = Debug|Any CPU
		{36FB554E-756B-4FC3-8646-75B452DCC0CE}.Release|Any CPU.ActiveCfg = Release|Any CPU
		{36FB554E-756B-4FC3-8646-75B452DCC0CE}.Release|Any CPU.Build.0 = Release|Any CPU
	EndGlobalSection
	GlobalSection(SolutionProperties) = preSolution
		HideSolutionNode = FALSE
	EndGlobalSection
	GlobalSection(NestedProjects) = preSolution
		{5269C369-0DC3-45DD-B7C2-8B183F74F668} = {EAC4F52E-5F00-47B8-8BC0-D3F699B030C6}
		{94E0FC23-80A5-4552-BF6C-675F5AF3E38E} = {EAC4F52E-5F00-47B8-8BC0-D3F699B030C6}
		{4E8CE12E-4080-4337-8AA1-C72507D32BE8} = {EAC4F52E-5F00-47B8-8BC0-D3F699B030C6}
		{7D10BD6F-4B39-4338-AF78-3D586B5A73B8} = {4E8CE12E-4080-4337-8AA1-C72507D32BE8}
		{9571196B-5167-4F64-ADE3-0375E7F09E82} = {4E8CE12E-4080-4337-8AA1-C72507D32BE8}
		{C7BC5EEE-7062-46E7-8A12-E171A4FEF7EC} = {4E8CE12E-4080-4337-8AA1-C72507D32BE8}
		{88E8F699-863E-47F4-B2D4-76956B75B3B8} = {4E8CE12E-4080-4337-8AA1-C72507D32BE8}
		{7CDC3298-E5E2-417C-8EAA-AFC38F35DFF5} = {6402EA8A-E87F-41D3-97E3-B1E1B37C7293}
		{216D23E8-632D-4909-9159-5AEA2BF64A90} = {6402EA8A-E87F-41D3-97E3-B1E1B37C7293}
		{CFAFD791-5576-4673-8687-959D536105DD} = {6402EA8A-E87F-41D3-97E3-B1E1B37C7293}
		{53F6551B-33F0-408C-A0F2-EC0684F6DCB4} = {6402EA8A-E87F-41D3-97E3-B1E1B37C7293}
		{C4F053C4-3912-4262-B000-5F2EB20AD440} = {6402EA8A-E87F-41D3-97E3-B1E1B37C7293}
		{363950AF-3332-4D1E-9249-8A3137FF96CC} = {6402EA8A-E87F-41D3-97E3-B1E1B37C7293}
		{2AF30F04-D3E0-4DB7-969A-D5BDCDEB2DFE} = {6402EA8A-E87F-41D3-97E3-B1E1B37C7293}
		{E1384C95-9EF1-4084-86AC-E5640BA0DB4D} = {6402EA8A-E87F-41D3-97E3-B1E1B37C7293}
		{B0ECA2DD-C088-4B96-9D8A-15700148E218} = {6402EA8A-E87F-41D3-97E3-B1E1B37C7293}
		{D22FAFC1-A5B9-4DB6-BC46-C248B37D80D0} = {6402EA8A-E87F-41D3-97E3-B1E1B37C7293}
		{183EAA40-71D1-4D8D-BB6D-01ABD1E96F9F} = {6402EA8A-E87F-41D3-97E3-B1E1B37C7293}
		{B9EC4DA8-5921-414A-A6B2-905CCD6E2113} = {183EAA40-71D1-4D8D-BB6D-01ABD1E96F9F}
		{3722427E-1B6E-4EA1-9373-0A49B642BB83} = {183EAA40-71D1-4D8D-BB6D-01ABD1E96F9F}
		{87E5C438-612A-42DF-A589-F5A9C680FBF0} = {183EAA40-71D1-4D8D-BB6D-01ABD1E96F9F}
		{2EDFA67F-201E-4AAF-8CAC-F09FFDC79359} = {183EAA40-71D1-4D8D-BB6D-01ABD1E96F9F}
		{4D4D0114-4E8C-4E13-ACE9-9C144D6E4BE5} = {183EAA40-71D1-4D8D-BB6D-01ABD1E96F9F}
		{243B58BB-465E-4C94-B0E2-56E62F21C758} = {183EAA40-71D1-4D8D-BB6D-01ABD1E96F9F}
		{DAD222A3-35F6-45B7-9309-5323842ABED9} = {183EAA40-71D1-4D8D-BB6D-01ABD1E96F9F}
		{34CFE219-E20E-491B-A127-7350989861A8} = {183EAA40-71D1-4D8D-BB6D-01ABD1E96F9F}
		{6C60D8F5-FA3B-4009-89B2-4C055B053CB3} = {183EAA40-71D1-4D8D-BB6D-01ABD1E96F9F}
		{C90B358D-664E-480E-AEC4-97A3AD3C9E82} = {183EAA40-71D1-4D8D-BB6D-01ABD1E96F9F}
		{2033E57C-C8CD-4909-959F-82741AEA75A0} = {183EAA40-71D1-4D8D-BB6D-01ABD1E96F9F}
		{0EE6FF60-F6B6-4F93-81E8-7B0A0CBAE9C9} = {183EAA40-71D1-4D8D-BB6D-01ABD1E96F9F}
		{EF409917-57B6-450F-B2FE-3748605BCD60} = {183EAA40-71D1-4D8D-BB6D-01ABD1E96F9F}
		{74F4574F-B7A4-435A-BEFB-A01922B3C549} = {183EAA40-71D1-4D8D-BB6D-01ABD1E96F9F}
		{2AFC115B-9E5D-4E93-805F-B1D42603A0B8} = {183EAA40-71D1-4D8D-BB6D-01ABD1E96F9F}
		{66AFE1FE-C25F-4A26-86E8-A671C3FBAAE9} = {183EAA40-71D1-4D8D-BB6D-01ABD1E96F9F}
		{581CB9AE-B4E1-4B05-A187-45F7C2447EBA} = {183EAA40-71D1-4D8D-BB6D-01ABD1E96F9F}
		{65005437-C669-43B3-9960-56BAED95F014} = {183EAA40-71D1-4D8D-BB6D-01ABD1E96F9F}
		{376E925E-07B8-4AB1-87A2-F2D7A48C88D6} = {183EAA40-71D1-4D8D-BB6D-01ABD1E96F9F}
		{99D2C321-3121-42EB-9867-DBF564A3519E} = {183EAA40-71D1-4D8D-BB6D-01ABD1E96F9F}
		{C9504B7E-7085-4416-826D-6A86BE345B11} = {183EAA40-71D1-4D8D-BB6D-01ABD1E96F9F}
		{2E127378-9C84-4654-AA1B-51236E17FA1D} = {183EAA40-71D1-4D8D-BB6D-01ABD1E96F9F}
		{8EB5C9A8-C989-4625-ABBA-12C43B700574} = {183EAA40-71D1-4D8D-BB6D-01ABD1E96F9F}
		{1EE9FDE9-1CB2-47EF-9098-187939195CF0} = {79E6EDC2-DC2D-4D91-90C8-0E8D67122A97}
		{191CEE54-30CF-4738-8C41-27C2E9BAB997} = {79E6EDC2-DC2D-4D91-90C8-0E8D67122A97}
		{F6579E65-AF98-44D2-BE7C-3E5C6C518235} = {79E6EDC2-DC2D-4D91-90C8-0E8D67122A97}
		{25C31E32-3234-4E07-84BB-5273478266D2} = {79E6EDC2-DC2D-4D91-90C8-0E8D67122A97}
		{287547BB-A93A-4C4F-ABDA-B9398B9954D5} = {79E6EDC2-DC2D-4D91-90C8-0E8D67122A97}
		{0CB75CEE-56F3-42F4-8421-302B7CC69EC6} = {79E6EDC2-DC2D-4D91-90C8-0E8D67122A97}
		{91C9274A-6079-4E38-9DCF-3D73CE7B530B} = {79E6EDC2-DC2D-4D91-90C8-0E8D67122A97}
		{41F991EB-8BEF-4039-9AA1-BF72D4116F98} = {79E6EDC2-DC2D-4D91-90C8-0E8D67122A97}
		{3C4E2AF7-4D35-495C-9D1C-74992D2851D8} = {79E6EDC2-DC2D-4D91-90C8-0E8D67122A97}
		{00D0D695-DF38-4196-931A-47076CAAD597} = {79E6EDC2-DC2D-4D91-90C8-0E8D67122A97}
		{C5875B63-4E8B-4542-A2AD-6F4AB2AA1737} = {79E6EDC2-DC2D-4D91-90C8-0E8D67122A97}
		{080434A7-BB9C-441C-8985-D86E2D7AF756} = {C5875B63-4E8B-4542-A2AD-6F4AB2AA1737}
		{1055FF49-A292-497B-9C3A-B2C88810E56B} = {C5875B63-4E8B-4542-A2AD-6F4AB2AA1737}
		{79E8D6A2-6D39-4962-BD8F-05D5C09C31DB} = {C5875B63-4E8B-4542-A2AD-6F4AB2AA1737}
		{7D835291-809E-48D9-8459-097FECA5A5ED} = {183EAA40-71D1-4D8D-BB6D-01ABD1E96F9F}
		{55D35282-D141-437C-B7AA-82B129C72AD8} = {183EAA40-71D1-4D8D-BB6D-01ABD1E96F9F}
		{F2D5009C-A229-4FC4-B888-AAFE84DBF15A} = {183EAA40-71D1-4D8D-BB6D-01ABD1E96F9F}
		{14BAD79A-A865-4CB7-BF77-FFA41DDEB20C} = {C5875B63-4E8B-4542-A2AD-6F4AB2AA1737}
		{A538C9BA-EC06-41D5-AC84-9EDB1B96D39D} = {C5875B63-4E8B-4542-A2AD-6F4AB2AA1737}
		{0CB0C5D9-D0FD-4ECA-8F67-AB95B3FA2680} = {C5875B63-4E8B-4542-A2AD-6F4AB2AA1737}
		{E6D838B8-5B26-4232-9F13-F39E436385DD} = {C5875B63-4E8B-4542-A2AD-6F4AB2AA1737}
		{0979746A-3E88-4A33-BE8A-BA0EB6DFD9F1} = {C5875B63-4E8B-4542-A2AD-6F4AB2AA1737}
		{5131BADD-77A8-4337-B643-B617309BB3D0} = {C5875B63-4E8B-4542-A2AD-6F4AB2AA1737}
		{4307ADD6-0474-4DE7-99E0-9C2FCBE15F32} = {C5875B63-4E8B-4542-A2AD-6F4AB2AA1737}
		{36FB554E-756B-4FC3-8646-75B452DCC0CE} = {C5875B63-4E8B-4542-A2AD-6F4AB2AA1737}
	EndGlobalSection
EndGlobal
